// !$*UTF8*$!
{
	archiveVersion = 1;
	classes = {
	};
	objectVersion = 46;
	objects = {

/* Begin PBXBuildFile section */
		044FE5071E44808A00A7B5F5 /* LogInViewController.swift in Sources */ = {isa = PBXBuildFile; fileRef = 044FE5061E44808A00A7B5F5 /* LogInViewController.swift */; };
		044FE5091E4480B700A7B5F5 /* ChangeDataViewController.swift in Sources */ = {isa = PBXBuildFile; fileRef = 044FE5081E4480B700A7B5F5 /* ChangeDataViewController.swift */; };
		044FE50B1E4480D700A7B5F5 /* ConfirmViewController.swift in Sources */ = {isa = PBXBuildFile; fileRef = 044FE50A1E4480D700A7B5F5 /* ConfirmViewController.swift */; };
		048F31031E433ECB007B579D /* AppDelegate.swift in Sources */ = {isa = PBXBuildFile; fileRef = 048F31021E433ECB007B579D /* AppDelegate.swift */; };
		048F31051E433ECB007B579D /* SignUpViewController.swift in Sources */ = {isa = PBXBuildFile; fileRef = 048F31041E433ECB007B579D /* SignUpViewController.swift */; };
		048F31081E433ECB007B579D /* Main.storyboard in Resources */ = {isa = PBXBuildFile; fileRef = 048F31061E433ECB007B579D /* Main.storyboard */; };
		048F310A1E433ECB007B579D /* Assets.xcassets in Resources */ = {isa = PBXBuildFile; fileRef = 048F31091E433ECB007B579D /* Assets.xcassets */; };
		048F310D1E433ECB007B579D /* LaunchScreen.storyboard in Resources */ = {isa = PBXBuildFile; fileRef = 048F310B1E433ECB007B579D /* LaunchScreen.storyboard */; };
		44AD9A6174E57C2B73E3288A /* Pods_FirebaseDB.framework in Frameworks */ = {isa = PBXBuildFile; fileRef = C180FFFF90CB99FF139021FC /* Pods_FirebaseDB.framework */; };
		F924CA4922C0DADB00F23169 /* GoogleService-Info.plist in Resources */ = {isa = PBXBuildFile; fileRef = F924CA4822C0DADB00F23169 /* GoogleService-Info.plist */; };
		F9339E9722D5912700C3A795 /* DatabaseModel.swift in Sources */ = {isa = PBXBuildFile; fileRef = F9339E9622D5912700C3A795 /* DatabaseModel.swift */; };
		F96D1FE922D49153006F9242 /* RoomVC.swift in Sources */ = {isa = PBXBuildFile; fileRef = F96D1FE822D49153006F9242 /* RoomVC.swift */; };
/* End PBXBuildFile section */

/* Begin PBXFileReference section */
		044FE5061E44808A00A7B5F5 /* LogInViewController.swift */ = {isa = PBXFileReference; fileEncoding = 4; lastKnownFileType = sourcecode.swift; path = LogInViewController.swift; sourceTree = "<group>"; };
		044FE5081E4480B700A7B5F5 /* ChangeDataViewController.swift */ = {isa = PBXFileReference; fileEncoding = 4; lastKnownFileType = sourcecode.swift; path = ChangeDataViewController.swift; sourceTree = "<group>"; };
		044FE50A1E4480D700A7B5F5 /* ConfirmViewController.swift */ = {isa = PBXFileReference; fileEncoding = 4; lastKnownFileType = sourcecode.swift; path = ConfirmViewController.swift; sourceTree = "<group>"; };
		048F30FF1E433ECB007B579D /* FirebaseDB.app */ = {isa = PBXFileReference; explicitFileType = wrapper.application; includeInIndex = 0; path = FirebaseDB.app; sourceTree = BUILT_PRODUCTS_DIR; };
		048F31021E433ECB007B579D /* AppDelegate.swift */ = {isa = PBXFileReference; lastKnownFileType = sourcecode.swift; path = AppDelegate.swift; sourceTree = "<group>"; };
		048F31041E433ECB007B579D /* SignUpViewController.swift */ = {isa = PBXFileReference; lastKnownFileType = sourcecode.swift; path = SignUpViewController.swift; sourceTree = "<group>"; };
		048F31071E433ECB007B579D /* Base */ = {isa = PBXFileReference; lastKnownFileType = file.storyboard; name = Base; path = Base.lproj/Main.storyboard; sourceTree = "<group>"; };
		048F31091E433ECB007B579D /* Assets.xcassets */ = {isa = PBXFileReference; lastKnownFileType = folder.assetcatalog; path = Assets.xcassets; sourceTree = "<group>"; };
		048F310C1E433ECB007B579D /* Base */ = {isa = PBXFileReference; lastKnownFileType = file.storyboard; name = Base; path = Base.lproj/LaunchScreen.storyboard; sourceTree = "<group>"; };
		048F310E1E433ECB007B579D /* Info.plist */ = {isa = PBXFileReference; lastKnownFileType = text.plist.xml; path = Info.plist; sourceTree = "<group>"; };
		7F8708F395E221B4FBAF6DC8 /* Pods-FirebaseDB.debug.xcconfig */ = {isa = PBXFileReference; includeInIndex = 1; lastKnownFileType = text.xcconfig; name = "Pods-FirebaseDB.debug.xcconfig"; path = "Target Support Files/Pods-FirebaseDB/Pods-FirebaseDB.debug.xcconfig"; sourceTree = "<group>"; };
		87A7E045E32522E15AF64FD0 /* Pods-FirebaseDB.release.xcconfig */ = {isa = PBXFileReference; includeInIndex = 1; lastKnownFileType = text.xcconfig; name = "Pods-FirebaseDB.release.xcconfig"; path = "Target Support Files/Pods-FirebaseDB/Pods-FirebaseDB.release.xcconfig"; sourceTree = "<group>"; };
		C180FFFF90CB99FF139021FC /* Pods_FirebaseDB.framework */ = {isa = PBXFileReference; explicitFileType = wrapper.framework; includeInIndex = 0; path = Pods_FirebaseDB.framework; sourceTree = BUILT_PRODUCTS_DIR; };
		F924CA4822C0DADB00F23169 /* GoogleService-Info.plist */ = {isa = PBXFileReference; fileEncoding = 4; lastKnownFileType = text.plist.xml; path = "GoogleService-Info.plist"; sourceTree = "<group>"; };
		F9339E9622D5912700C3A795 /* DatabaseModel.swift */ = {isa = PBXFileReference; lastKnownFileType = sourcecode.swift; path = DatabaseModel.swift; sourceTree = "<group>"; };
		F96D1FE822D49153006F9242 /* RoomVC.swift */ = {isa = PBXFileReference; lastKnownFileType = sourcecode.swift; path = RoomVC.swift; sourceTree = "<group>"; };
/* End PBXFileReference section */

/* Begin PBXFrameworksBuildPhase section */
		7946623EF15A67F0D15ACE05 /* Frameworks */ = {
			isa = PBXFrameworksBuildPhase;
			buildActionMask = 2147483647;
			files = (
				44AD9A6174E57C2B73E3288A /* Pods_FirebaseDB.framework in Frameworks */,
			);
			runOnlyForDeploymentPostprocessing = 0;
		};
/* End PBXFrameworksBuildPhase section */

/* Begin PBXGroup section */
		048F30F61E433ECB007B579D = {
			isa = PBXGroup;
			children = (
				048F31011E433ECB007B579D /* FirebaseDB */,
				048F31001E433ECB007B579D /* Products */,
				723A8FCA4F46CE1C1A8AF6F1 /* Pods */,
				5BCA8E83205D58BC1771626B /* Frameworks */,
			);
			sourceTree = "<group>";
		};
		048F31001E433ECB007B579D /* Products */ = {
			isa = PBXGroup;
			children = (
				048F30FF1E433ECB007B579D /* FirebaseDB.app */,
			);
			name = Products;
			sourceTree = "<group>";
		};
		048F31011E433ECB007B579D /* FirebaseDB */ = {
			isa = PBXGroup;
			children = (
				048F31021E433ECB007B579D /* AppDelegate.swift */,
				044FE5061E44808A00A7B5F5 /* LogInViewController.swift */,
				F96D1FE822D49153006F9242 /* RoomVC.swift */,
				048F31041E433ECB007B579D /* SignUpViewController.swift */,
				044FE50A1E4480D700A7B5F5 /* ConfirmViewController.swift */,
				044FE5081E4480B700A7B5F5 /* ChangeDataViewController.swift */,
				048F31061E433ECB007B579D /* Main.storyboard */,
				F9339E9622D5912700C3A795 /* DatabaseModel.swift */,
				048F31091E433ECB007B579D /* Assets.xcassets */,
				048F310B1E433ECB007B579D /* LaunchScreen.storyboard */,
				048F310E1E433ECB007B579D /* Info.plist */,
				F924CA4822C0DADB00F23169 /* GoogleService-Info.plist */,
			);
			path = FirebaseDB;
			sourceTree = "<group>";
		};
		5BCA8E83205D58BC1771626B /* Frameworks */ = {
			isa = PBXGroup;
			children = (
				C180FFFF90CB99FF139021FC /* Pods_FirebaseDB.framework */,
			);
			name = Frameworks;
			sourceTree = "<group>";
		};
		723A8FCA4F46CE1C1A8AF6F1 /* Pods */ = {
			isa = PBXGroup;
			children = (
				7F8708F395E221B4FBAF6DC8 /* Pods-FirebaseDB.debug.xcconfig */,
				87A7E045E32522E15AF64FD0 /* Pods-FirebaseDB.release.xcconfig */,
			);
			path = Pods;
			sourceTree = "<group>";
		};
/* End PBXGroup section */

/* Begin PBXNativeTarget section */
		048F30FE1E433ECB007B579D /* FirebaseDB */ = {
			isa = PBXNativeTarget;
			buildConfigurationList = 048F31111E433ECB007B579D /* Build configuration list for PBXNativeTarget "FirebaseDB" */;
			buildPhases = (
				71555E1A0E8A2DD47863335B /* [CP] Check Pods Manifest.lock */,
				048F30FB1E433ECB007B579D /* Sources */,
				048F30FD1E433ECB007B579D /* Resources */,
				7946623EF15A67F0D15ACE05 /* Frameworks */,
				C4D322C685231EBB803AD915 /* [CP] Embed Pods Frameworks */,
				5F8228DB7F90427E246A23DB /* [CP] Copy Pods Resources */,
			);
			buildRules = (
			);
			dependencies = (
			);
			name = FirebaseDB;
			productName = StepByStepRegister;
			productReference = 048F30FF1E433ECB007B579D /* FirebaseDB.app */;
			productType = "com.apple.product-type.application";
		};
/* End PBXNativeTarget section */

/* Begin PBXProject section */
		048F30F71E433ECB007B579D /* Project object */ = {
			isa = PBXProject;
			attributes = {
				LastSwiftUpdateCheck = 0820;
				LastUpgradeCheck = 1020;
				ORGANIZATIONNAME = Mac;
				TargetAttributes = {
					048F30FE1E433ECB007B579D = {
						CreatedOnToolsVersion = 8.2.1;
						ProvisioningStyle = Manual;
					};
				};
			};
			buildConfigurationList = 048F30FA1E433ECB007B579D /* Build configuration list for PBXProject "FirebaseDB" */;
			compatibilityVersion = "Xcode 3.2";
			developmentRegion = en;
			hasScannedForEncodings = 0;
			knownRegions = (
				en,
				Base,
			);
			mainGroup = 048F30F61E433ECB007B579D;
			productRefGroup = 048F31001E433ECB007B579D /* Products */;
			projectDirPath = "";
			projectRoot = "";
			targets = (
				048F30FE1E433ECB007B579D /* FirebaseDB */,
			);
		};
/* End PBXProject section */

/* Begin PBXResourcesBuildPhase section */
		048F30FD1E433ECB007B579D /* Resources */ = {
			isa = PBXResourcesBuildPhase;
			buildActionMask = 2147483647;
			files = (
				048F310D1E433ECB007B579D /* LaunchScreen.storyboard in Resources */,
				F924CA4922C0DADB00F23169 /* GoogleService-Info.plist in Resources */,
				048F310A1E433ECB007B579D /* Assets.xcassets in Resources */,
				048F31081E433ECB007B579D /* Main.storyboard in Resources */,
			);
			runOnlyForDeploymentPostprocessing = 0;
		};
/* End PBXResourcesBuildPhase section */

/* Begin PBXShellScriptBuildPhase section */
		5F8228DB7F90427E246A23DB /* [CP] Copy Pods Resources */ = {
			isa = PBXShellScriptBuildPhase;
			buildActionMask = 2147483647;
			files = (
			);
			inputPaths = (
				"${PODS_ROOT}/Target Support Files/Pods-FirebaseDB/Pods-FirebaseDB-resources.sh",
				"${PODS_ROOT}/GoogleSignIn/Resources/GoogleSignIn.bundle",
			);
			name = "[CP] Copy Pods Resources";
			outputPaths = (
				"${TARGET_BUILD_DIR}/${UNLOCALIZED_RESOURCES_FOLDER_PATH}/GoogleSignIn.bundle",
			);
			runOnlyForDeploymentPostprocessing = 0;
			shellPath = /bin/sh;
			shellScript = "\"${PODS_ROOT}/Target Support Files/Pods-FirebaseDB/Pods-FirebaseDB-resources.sh\"\n";
			showEnvVarsInLog = 0;
		};
		71555E1A0E8A2DD47863335B /* [CP] Check Pods Manifest.lock */ = {
			isa = PBXShellScriptBuildPhase;
			buildActionMask = 2147483647;
			files = (
			);
			inputPaths = (
				"${PODS_PODFILE_DIR_PATH}/Podfile.lock",
				"${PODS_ROOT}/Manifest.lock",
			);
			name = "[CP] Check Pods Manifest.lock";
			outputPaths = (
				"$(DERIVED_FILE_DIR)/Pods-FirebaseDB-checkManifestLockResult.txt",
			);
			runOnlyForDeploymentPostprocessing = 0;
			shellPath = /bin/sh;
			shellScript = "diff \"${PODS_PODFILE_DIR_PATH}/Podfile.lock\" \"${PODS_ROOT}/Manifest.lock\" > /dev/null\nif [ $? != 0 ] ; then\n    # print error to STDERR\n    echo \"error: The sandbox is not in sync with the Podfile.lock. Run 'pod install' or update your CocoaPods installation.\" >&2\n    exit 1\nfi\n# This output is used by Xcode 'outputs' to avoid re-running this script phase.\necho \"SUCCESS\" > \"${SCRIPT_OUTPUT_FILE_0}\"\n";
			showEnvVarsInLog = 0;
		};
		C4D322C685231EBB803AD915 /* [CP] Embed Pods Frameworks */ = {
			isa = PBXShellScriptBuildPhase;
			buildActionMask = 2147483647;
			files = (
			);
			inputPaths = (
				"${PODS_ROOT}/Target Support Files/Pods-FirebaseDB/Pods-FirebaseDB-frameworks.sh",
				"${BUILT_PRODUCTS_DIR}/GTMSessionFetcher/GTMSessionFetcher.framework",
				"${BUILT_PRODUCTS_DIR}/GoogleToolboxForMac/GoogleToolboxForMac.framework",
				"${BUILT_PRODUCTS_DIR}/GoogleUtilities/GoogleUtilities.framework",
				"${BUILT_PRODUCTS_DIR}/leveldb-library/leveldb.framework",
				"${BUILT_PRODUCTS_DIR}/nanopb/nanopb.framework",
			);
			name = "[CP] Embed Pods Frameworks";
			outputPaths = (
				"${TARGET_BUILD_DIR}/${FRAMEWORKS_FOLDER_PATH}/GTMSessionFetcher.framework",
				"${TARGET_BUILD_DIR}/${FRAMEWORKS_FOLDER_PATH}/GoogleToolboxForMac.framework",
				"${TARGET_BUILD_DIR}/${FRAMEWORKS_FOLDER_PATH}/GoogleUtilities.framework",
				"${TARGET_BUILD_DIR}/${FRAMEWORKS_FOLDER_PATH}/leveldb.framework",
				"${TARGET_BUILD_DIR}/${FRAMEWORKS_FOLDER_PATH}/nanopb.framework",
			);
			runOnlyForDeploymentPostprocessing = 0;
			shellPath = /bin/sh;
			shellScript = "\"${PODS_ROOT}/Target Support Files/Pods-FirebaseDB/Pods-FirebaseDB-frameworks.sh\"\n";
			showEnvVarsInLog = 0;
		};
/* End PBXShellScriptBuildPhase section */

/* Begin PBXSourcesBuildPhase section */
		048F30FB1E433ECB007B579D /* Sources */ = {
			isa = PBXSourcesBuildPhase;
			buildActionMask = 2147483647;
			files = (
				044FE50B1E4480D700A7B5F5 /* ConfirmViewController.swift in Sources */,
				F96D1FE922D49153006F9242 /* RoomVC.swift in Sources */,
				044FE5091E4480B700A7B5F5 /* ChangeDataViewController.swift in Sources */,
				048F31051E433ECB007B579D /* SignUpViewController.swift in Sources */,
				048F31031E433ECB007B579D /* AppDelegate.swift in Sources */,
				F9339E9722D5912700C3A795 /* DatabaseModel.swift in Sources */,
				044FE5071E44808A00A7B5F5 /* LogInViewController.swift in Sources */,
			);
			runOnlyForDeploymentPostprocessing = 0;
		};
/* End PBXSourcesBuildPhase section */

/* Begin PBXVariantGroup section */
		048F31061E433ECB007B579D /* Main.storyboard */ = {
			isa = PBXVariantGroup;
			children = (
				048F31071E433ECB007B579D /* Base */,
			);
			name = Main.storyboard;
			sourceTree = "<group>";
		};
		048F310B1E433ECB007B579D /* LaunchScreen.storyboard */ = {
			isa = PBXVariantGroup;
			children = (
				048F310C1E433ECB007B579D /* Base */,
			);
			name = LaunchScreen.storyboard;
			sourceTree = "<group>";
		};
/* End PBXVariantGroup section */

/* Begin XCBuildConfiguration section */
		048F310F1E433ECB007B579D /* Debug */ = {
			isa = XCBuildConfiguration;
			buildSettings = {
				ALWAYS_SEARCH_USER_PATHS = NO;
				CLANG_ANALYZER_LOCALIZABILITY_NONLOCALIZED = YES;
				CLANG_ANALYZER_NONNULL = YES;
				CLANG_CXX_LANGUAGE_STANDARD = "gnu++0x";
				CLANG_CXX_LIBRARY = "libc++";
				CLANG_ENABLE_MODULES = YES;
				CLANG_ENABLE_OBJC_ARC = YES;
				CLANG_WARN_BLOCK_CAPTURE_AUTORELEASING = YES;
				CLANG_WARN_BOOL_CONVERSION = YES;
				CLANG_WARN_COMMA = YES;
				CLANG_WARN_CONSTANT_CONVERSION = YES;
				CLANG_WARN_DEPRECATED_OBJC_IMPLEMENTATIONS = YES;
				CLANG_WARN_DIRECT_OBJC_ISA_USAGE = YES_ERROR;
				CLANG_WARN_DOCUMENTATION_COMMENTS = YES;
				CLANG_WARN_EMPTY_BODY = YES;
				CLANG_WARN_ENUM_CONVERSION = YES;
				CLANG_WARN_INFINITE_RECURSION = YES;
				CLANG_WARN_INT_CONVERSION = YES;
				CLANG_WARN_NON_LITERAL_NULL_CONVERSION = YES;
				CLANG_WARN_OBJC_IMPLICIT_RETAIN_SELF = YES;
				CLANG_WARN_OBJC_LITERAL_CONVERSION = YES;
				CLANG_WARN_OBJC_ROOT_CLASS = YES_ERROR;
				CLANG_WARN_RANGE_LOOP_ANALYSIS = YES;
				CLANG_WARN_STRICT_PROTOTYPES = YES;
				CLANG_WARN_SUSPICIOUS_MOVE = YES;
				CLANG_WARN_UNREACHABLE_CODE = YES;
				CLANG_WARN__DUPLICATE_METHOD_MATCH = YES;
				"CODE_SIGN_IDENTITY[sdk=iphoneos*]" = "iPhone Developer";
				COPY_PHASE_STRIP = NO;
				DEBUG_INFORMATION_FORMAT = dwarf;
				ENABLE_STRICT_OBJC_MSGSEND = YES;
				ENABLE_TESTABILITY = YES;
				GCC_C_LANGUAGE_STANDARD = gnu99;
				GCC_DYNAMIC_NO_PIC = NO;
				GCC_NO_COMMON_BLOCKS = YES;
				GCC_OPTIMIZATION_LEVEL = 0;
				GCC_PREPROCESSOR_DEFINITIONS = (
					"DEBUG=1",
					"$(inherited)",
				);
				GCC_WARN_64_TO_32_BIT_CONVERSION = YES;
				GCC_WARN_ABOUT_RETURN_TYPE = YES_ERROR;
				GCC_WARN_UNDECLARED_SELECTOR = YES;
				GCC_WARN_UNINITIALIZED_AUTOS = YES_AGGRESSIVE;
				GCC_WARN_UNUSED_FUNCTION = YES;
				GCC_WARN_UNUSED_VARIABLE = YES;
				IPHONEOS_DEPLOYMENT_TARGET = 10.2;
				MTL_ENABLE_DEBUG_INFO = YES;
				ONLY_ACTIVE_ARCH = YES;
				SDKROOT = iphoneos;
				SWIFT_ACTIVE_COMPILATION_CONDITIONS = DEBUG;
				SWIFT_OPTIMIZATION_LEVEL = "-Onone";
				TARGETED_DEVICE_FAMILY = "1,2";
			};
			name = Debug;
		};
		048F31101E433ECB007B579D /* Release */ = {
			isa = XCBuildConfiguration;
			buildSettings = {
				ALWAYS_SEARCH_USER_PATHS = NO;
				CLANG_ANALYZER_LOCALIZABILITY_NONLOCALIZED = YES;
				CLANG_ANALYZER_NONNULL = YES;
				CLANG_CXX_LANGUAGE_STANDARD = "gnu++0x";
				CLANG_CXX_LIBRARY = "libc++";
				CLANG_ENABLE_MODULES = YES;
				CLANG_ENABLE_OBJC_ARC = YES;
				CLANG_WARN_BLOCK_CAPTURE_AUTORELEASING = YES;
				CLANG_WARN_BOOL_CONVERSION = YES;
				CLANG_WARN_COMMA = YES;
				CLANG_WARN_CONSTANT_CONVERSION = YES;
				CLANG_WARN_DEPRECATED_OBJC_IMPLEMENTATIONS = YES;
				CLANG_WARN_DIRECT_OBJC_ISA_USAGE = YES_ERROR;
				CLANG_WARN_DOCUMENTATION_COMMENTS = YES;
				CLANG_WARN_EMPTY_BODY = YES;
				CLANG_WARN_ENUM_CONVERSION = YES;
				CLANG_WARN_INFINITE_RECURSION = YES;
				CLANG_WARN_INT_CONVERSION = YES;
				CLANG_WARN_NON_LITERAL_NULL_CONVERSION = YES;
				CLANG_WARN_OBJC_IMPLICIT_RETAIN_SELF = YES;
				CLANG_WARN_OBJC_LITERAL_CONVERSION = YES;
				CLANG_WARN_OBJC_ROOT_CLASS = YES_ERROR;
				CLANG_WARN_RANGE_LOOP_ANALYSIS = YES;
				CLANG_WARN_STRICT_PROTOTYPES = YES;
				CLANG_WARN_SUSPICIOUS_MOVE = YES;
				CLANG_WARN_UNREACHABLE_CODE = YES;
				CLANG_WARN__DUPLICATE_METHOD_MATCH = YES;
				"CODE_SIGN_IDENTITY[sdk=iphoneos*]" = "iPhone Developer";
				COPY_PHASE_STRIP = NO;
				DEBUG_INFORMATION_FORMAT = "dwarf-with-dsym";
				ENABLE_NS_ASSERTIONS = NO;
				ENABLE_STRICT_OBJC_MSGSEND = YES;
				GCC_C_LANGUAGE_STANDARD = gnu99;
				GCC_NO_COMMON_BLOCKS = YES;
				GCC_WARN_64_TO_32_BIT_CONVERSION = YES;
				GCC_WARN_ABOUT_RETURN_TYPE = YES_ERROR;
				GCC_WARN_UNDECLARED_SELECTOR = YES;
				GCC_WARN_UNINITIALIZED_AUTOS = YES_AGGRESSIVE;
				GCC_WARN_UNUSED_FUNCTION = YES;
				GCC_WARN_UNUSED_VARIABLE = YES;
				IPHONEOS_DEPLOYMENT_TARGET = 10.2;
				MTL_ENABLE_DEBUG_INFO = NO;
				SDKROOT = iphoneos;
				SWIFT_OPTIMIZATION_LEVEL = "-Owholemodule";
				TARGETED_DEVICE_FAMILY = "1,2";
				VALIDATE_PRODUCT = YES;
			};
			name = Release;
		};
		048F31121E433ECB007B579D /* Debug */ = {
			isa = XCBuildConfiguration;
			baseConfigurationReference = 7F8708F395E221B4FBAF6DC8 /* Pods-FirebaseDB.debug.xcconfig */;
			buildSettings = {
				ASSETCATALOG_COMPILER_APPICON_NAME = AppIcon;
				CODE_SIGN_STYLE = Manual;
				DEVELOPMENT_TEAM = "";
				INFOPLIST_FILE = FirebaseDB/Info.plist;
				LD_RUNPATH_SEARCH_PATHS = "$(inherited) @executable_path/Frameworks";
				PRODUCT_BUNDLE_IDENTIFIER = com.app.SceneMap;
				PRODUCT_NAME = "$(TARGET_NAME)";
				PROVISIONING_PROFILE_SPECIFIER = "";
				SWIFT_VERSION = 4.2;
			};
			name = Debug;
		};
		048F31131E433ECB007B579D /* Release */ = {
			isa = XCBuildConfiguration;
			baseConfigurationReference = 87A7E045E32522E15AF64FD0 /* Pods-FirebaseDB.release.xcconfig */;
			buildSettings = {
				ASSETCATALOG_COMPILER_APPICON_NAME = AppIcon;
				CODE_SIGN_STYLE = Manual;
				DEVELOPMENT_TEAM = "";
				INFOPLIST_FILE = FirebaseDB/Info.plist;
				LD_RUNPATH_SEARCH_PATHS = "$(inherited) @executable_path/Frameworks";
				PRODUCT_BUNDLE_IDENTIFIER = com.app.SceneMap;
				PRODUCT_NAME = "$(TARGET_NAME)";
				PROVISIONING_PROFILE_SPECIFIER = "";
				SWIFT_VERSION = 4.2;
			};
			name = Release;
		};
/* End XCBuildConfiguration section */

/* Begin XCConfigurationList section */
		048F30FA1E433ECB007B579D /* Build configuration list for PBXProject "FirebaseDB" */ = {
			isa = XCConfigurationList;
			buildConfigurations = (
				048F310F1E433ECB007B579D /* Debug */,
				048F31101E433ECB007B579D /* Release */,
			);
			defaultConfigurationIsVisible = 0;
			defaultConfigurationName = Release;
		};
		048F31111E433ECB007B579D /* Build configuration list for PBXNativeTarget "FirebaseDB" */ = {
			isa = XCConfigurationList;
			buildConfigurations = (
				048F31121E433ECB007B579D /* Debug */,
				048F31131E433ECB007B579D /* Release */,
			);
			defaultConfigurationIsVisible = 0;
			defaultConfigurationName = Release;
		};
/* End XCConfigurationList section */
	};
	rootObject = 048F30F71E433ECB007B579D /* Project object */;
}
